// !$*UTF8*$!
{
	archiveVersion = 1;
	classes = {
	};
	objectVersion = 46;
	objects = {

/* Begin PBXAggregateTarget section */
		2A74EBE41BCD567E005F5E74 /* mogenerator */ = {
			isa = PBXAggregateTarget;
			buildConfigurationList = 2A74EBE71BCD567E005F5E74 /* Build configuration list for PBXAggregateTarget "mogenerator" */;
			buildPhases = (
				2A74EBE81BCD5682005F5E74 /* Mogenerator */,
			);
			dependencies = (
			);
			name = mogenerator;
			productName = mogenerator;
		};
		2A74EBE91BCD56F6005F5E74 /* versioner */ = {
			isa = PBXAggregateTarget;
			buildConfigurationList = 2A74EBEA1BCD56F6005F5E74 /* Build configuration list for PBXAggregateTarget "versioner" */;
			buildPhases = (
				2A74EBED1BCD56F9005F5E74 /* ShellScript */,
			);
			dependencies = (
			);
			name = versioner;
			productName = versioner;
		};
/* End PBXAggregateTarget section */

/* Begin PBXBuildFile section */
		2A19B8811BCDA1F1009C8F25 /* REDEntityClassFactory.m in Sources */ = {isa = PBXBuildFile; fileRef = 2A19B8801BCDA1F1009C8F25 /* REDEntityClassFactory.m */; settings = {ASSET_TAGS = (); }; };
		2A19B8861BCDB3C2009C8F25 /* REDBookListViewController.m in Sources */ = {isa = PBXBuildFile; fileRef = 2A19B8841BCDB3C2009C8F25 /* REDBookListViewController.m */; settings = {ASSET_TAGS = (); }; };
		2A19B8871BCDB3C2009C8F25 /* REDBookListViewController.xib in Resources */ = {isa = PBXBuildFile; fileRef = 2A19B8851BCDB3C2009C8F25 /* REDBookListViewController.xib */; settings = {ASSET_TAGS = (); }; };
		2A19B88F1BCDB45A009C8F25 /* REDBookDatasource.m in Sources */ = {isa = PBXBuildFile; fileRef = 2A19B88E1BCDB45A009C8F25 /* REDBookDatasource.m */; settings = {ASSET_TAGS = (); }; };
		2A19B8971BCDB6DA009C8F25 /* REDBookCell.m in Sources */ = {isa = PBXBuildFile; fileRef = 2A19B8961BCDB6DA009C8F25 /* REDBookCell.m */; settings = {ASSET_TAGS = (); }; };
		2A19B89A1BCDB6EE009C8F25 /* REDBookCell.xib in Resources */ = {isa = PBXBuildFile; fileRef = 2A19B8991BCDB6EE009C8F25 /* REDBookCell.xib */; settings = {ASSET_TAGS = (); }; };
		2A19B89D1BCDB707009C8F25 /* REDDepedencyInjection.m in Sources */ = {isa = PBXBuildFile; fileRef = 2A19B89C1BCDB707009C8F25 /* REDDepedencyInjection.m */; settings = {ASSET_TAGS = (); }; };
		2A19B8A01BCDBBE7009C8F25 /* REDNavigationBarCustomizer.m in Sources */ = {isa = PBXBuildFile; fileRef = 2A19B89F1BCDBBE7009C8F25 /* REDNavigationBarCustomizer.m */; settings = {ASSET_TAGS = (); }; };
		2A19B8A61BCDBC2D009C8F25 /* UIFont+ReadingList.m in Sources */ = {isa = PBXBuildFile; fileRef = 2A19B8A51BCDBC2D009C8F25 /* UIFont+ReadingList.m */; settings = {ASSET_TAGS = (); }; };
		2A19B8AC1BCDBDE3009C8F25 /* REDBookDetailViewController.m in Sources */ = {isa = PBXBuildFile; fileRef = 2A19B8AA1BCDBDE3009C8F25 /* REDBookDetailViewController.m */; settings = {ASSET_TAGS = (); }; };
		2A19B8AD1BCDBDE3009C8F25 /* REDBookDetailViewController.xib in Resources */ = {isa = PBXBuildFile; fileRef = 2A19B8AB1BCDBDE3009C8F25 /* REDBookDetailViewController.xib */; settings = {ASSET_TAGS = (); }; };
		2A19B8B21BCDBE94009C8F25 /* REDBookAddViewController.m in Sources */ = {isa = PBXBuildFile; fileRef = 2A19B8B01BCDBE94009C8F25 /* REDBookAddViewController.m */; settings = {ASSET_TAGS = (); }; };
		2A19B8B31BCDBE94009C8F25 /* REDBookAddViewController.xib in Resources */ = {isa = PBXBuildFile; fileRef = 2A19B8B11BCDBE94009C8F25 /* REDBookAddViewController.xib */; settings = {ASSET_TAGS = (); }; };
		2A19B8B71BCDC0CA009C8F25 /* UIStaticTableView.m in Sources */ = {isa = PBXBuildFile; fileRef = 2A19B8B61BCDC0CA009C8F25 /* UIStaticTableView.m */; settings = {ASSET_TAGS = (); }; };
		2A74EBAF1BCD50B7005F5E74 /* main.m in Sources */ = {isa = PBXBuildFile; fileRef = 2A74EBAE1BCD50B7005F5E74 /* main.m */; };
		2A74EBB21BCD50B7005F5E74 /* AppDelegate.m in Sources */ = {isa = PBXBuildFile; fileRef = 2A74EBB11BCD50B7005F5E74 /* AppDelegate.m */; };
		2A74EBBB1BCD50B8005F5E74 /* ReadingList.xcdatamodeld in Sources */ = {isa = PBXBuildFile; fileRef = 2A74EBB91BCD50B8005F5E74 /* ReadingList.xcdatamodeld */; };
		2A74EBBD1BCD50B8005F5E74 /* Assets.xcassets in Resources */ = {isa = PBXBuildFile; fileRef = 2A74EBBC1BCD50B8005F5E74 /* Assets.xcassets */; };
		2A74EBC01BCD50B8005F5E74 /* LaunchScreen.storyboard in Resources */ = {isa = PBXBuildFile; fileRef = 2A74EBBE1BCD50B8005F5E74 /* LaunchScreen.storyboard */; };
		2A74EBCB1BCD50B8005F5E74 /* ReadingListTests.m in Sources */ = {isa = PBXBuildFile; fileRef = 2A74EBCA1BCD50B8005F5E74 /* ReadingListTests.m */; };
		2A74EBD61BCD50B8005F5E74 /* ReadingListUITests.m in Sources */ = {isa = PBXBuildFile; fileRef = 2A74EBD51BCD50B8005F5E74 /* ReadingListUITests.m */; };
		2A74EBF41BCD57BD005F5E74 /* REDDataStack.m in Sources */ = {isa = PBXBuildFile; fileRef = 2A74EBF31BCD57BD005F5E74 /* REDDataStack.m */; settings = {ASSET_TAGS = (); }; };
		2A74EBFE1BCD59B1005F5E74 /* _REDArtist.m in Sources */ = {isa = PBXBuildFile; fileRef = 2A74EBF91BCD59B1005F5E74 /* _REDArtist.m */; settings = {ASSET_TAGS = (); }; };
		2A74EBFF1BCD59B1005F5E74 /* _REDBook.m in Sources */ = {isa = PBXBuildFile; fileRef = 2A74EBFB1BCD59B1005F5E74 /* _REDBook.m */; settings = {ASSET_TAGS = (); }; };
		2A74EC001BCD59B1005F5E74 /* _REDCategory.m in Sources */ = {isa = PBXBuildFile; fileRef = 2A74EBFD1BCD59B1005F5E74 /* _REDCategory.m */; settings = {ASSET_TAGS = (); }; };
		2A74EC071BCD59B8005F5E74 /* REDArtist.m in Sources */ = {isa = PBXBuildFile; fileRef = 2A74EC021BCD59B8005F5E74 /* REDArtist.m */; settings = {ASSET_TAGS = (); }; };
		2A74EC081BCD59B8005F5E74 /* REDBook.m in Sources */ = {isa = PBXBuildFile; fileRef = 2A74EC041BCD59B8005F5E74 /* REDBook.m */; settings = {ASSET_TAGS = (); }; };
		2A74EC091BCD59B8005F5E74 /* REDCategory.m in Sources */ = {isa = PBXBuildFile; fileRef = 2A74EC061BCD59B8005F5E74 /* REDCategory.m */; settings = {ASSET_TAGS = (); }; };
		2A74EC181BCD5BA4005F5E74 /* REDEntityFetcher.m in Sources */ = {isa = PBXBuildFile; fileRef = 2A74EC141BCD5BA4005F5E74 /* REDEntityFetcher.m */; settings = {ASSET_TAGS = (); }; };
		2A74EC191BCD5BA4005F5E74 /* REDEntityRemover.m in Sources */ = {isa = PBXBuildFile; fileRef = 2A74EC161BCD5BA4005F5E74 /* REDEntityRemover.m */; settings = {ASSET_TAGS = (); }; };
		2A74EC1D1BCDE2D0005F5E74 /* REDBookHeaderCell.m in Sources */ = {isa = PBXBuildFile; fileRef = 2A74EC1C1BCDE2D0005F5E74 /* REDBookHeaderCell.m */; settings = {ASSET_TAGS = (); }; };
		2A74EC201BCDE2E2005F5E74 /* REDBookHeaderCell.xib in Resources */ = {isa = PBXBuildFile; fileRef = 2A74EC1F1BCDE2E2005F5E74 /* REDBookHeaderCell.xib */; settings = {ASSET_TAGS = (); }; };
		2A74EC231BCDE656005F5E74 /* UITextField+DoneButton.m in Sources */ = {isa = PBXBuildFile; fileRef = 2A74EC221BCDE656005F5E74 /* UITextField+DoneButton.m */; settings = {ASSET_TAGS = (); }; };
		2A74EC281BCDE768005F5E74 /* UIColor+ReadingList.m in Sources */ = {isa = PBXBuildFile; fileRef = 2A74EC271BCDE768005F5E74 /* UIColor+ReadingList.m */; settings = {ASSET_TAGS = (); }; };
		2A74EC2B1BCDE8F3005F5E74 /* REDBookCategoryCell.m in Sources */ = {isa = PBXBuildFile; fileRef = 2A74EC2A1BCDE8F3005F5E74 /* REDBookCategoryCell.m */; settings = {ASSET_TAGS = (); }; };
		2A74EC2E1BCDE9A7005F5E74 /* REDBookCategoryCell.xib in Resources */ = {isa = PBXBuildFile; fileRef = 2A74EC2D1BCDE9A7005F5E74 /* REDBookCategoryCell.xib */; settings = {ASSET_TAGS = (); }; };
		2A74EC391BCDF477005F5E74 /* REDBookPagesCell.m in Sources */ = {isa = PBXBuildFile; fileRef = 2A74EC381BCDF477005F5E74 /* REDBookPagesCell.m */; settings = {ASSET_TAGS = (); }; };
		2A74EC3C1BCDF489005F5E74 /* REDBookPagesCell.xib in Resources */ = {isa = PBXBuildFile; fileRef = 2A74EC3B1BCDF489005F5E74 /* REDBookPagesCell.xib */; settings = {ASSET_TAGS = (); }; };
		2A74EC401BCDF5D8005F5E74 /* REDPageProgressCell.m in Sources */ = {isa = PBXBuildFile; fileRef = 2A74EC3E1BCDF5D8005F5E74 /* REDPageProgressCell.m */; settings = {ASSET_TAGS = (); }; };
		2A74EC411BCDF5D8005F5E74 /* REDPageProgressCell.xib in Resources */ = {isa = PBXBuildFile; fileRef = 2A74EC3F1BCDF5D8005F5E74 /* REDPageProgressCell.xib */; settings = {ASSET_TAGS = (); }; };
		2A74EC461BCE0037005F5E74 /* REDCategoryViewController.m in Sources */ = {isa = PBXBuildFile; fileRef = 2A74EC441BCE0037005F5E74 /* REDCategoryViewController.m */; settings = {ASSET_TAGS = (); }; };
		2A74EC471BCE0037005F5E74 /* REDCategoryViewController.xib in Resources */ = {isa = PBXBuildFile; fileRef = 2A74EC451BCE0037005F5E74 /* REDCategoryViewController.xib */; settings = {ASSET_TAGS = (); }; };
		2A74EC4B1BCE3E9A005F5E74 /* REDCategoryDatasource.m in Sources */ = {isa = PBXBuildFile; fileRef = 2A74EC4A1BCE3E9A005F5E74 /* REDCategoryDatasource.m */; settings = {ASSET_TAGS = (); }; };
		2A74EC4F1BCE3FAA005F5E74 /* REDStaticData.m in Sources */ = {isa = PBXBuildFile; fileRef = 2A74EC4E1BCE3FAA005F5E74 /* REDStaticData.m */; settings = {ASSET_TAGS = (); }; };
		2A74EC561BCE4014005F5E74 /* REDEntityCreator.m in Sources */ = {isa = PBXBuildFile; fileRef = 2A74EC551BCE4014005F5E74 /* REDEntityCreator.m */; settings = {ASSET_TAGS = (); }; };
		F0D73D8F6947F45F4F686A75 /* libPods-ReadingList.a in Frameworks */ = {isa = PBXBuildFile; fileRef = 1B7FEE50961509749458D464 /* libPods-ReadingList.a */; };
/* End PBXBuildFile section */

/* Begin PBXContainerItemProxy section */
		2A74EBC71BCD50B8005F5E74 /* PBXContainerItemProxy */ = {
			isa = PBXContainerItemProxy;
			containerPortal = 2A74EBA21BCD50B7005F5E74 /* Project object */;
			proxyType = 1;
			remoteGlobalIDString = 2A74EBA91BCD50B7005F5E74;
			remoteInfo = ReadingList;
		};
		2A74EBD21BCD50B8005F5E74 /* PBXContainerItemProxy */ = {
			isa = PBXContainerItemProxy;
			containerPortal = 2A74EBA21BCD50B7005F5E74 /* Project object */;
			proxyType = 1;
			remoteGlobalIDString = 2A74EBA91BCD50B7005F5E74;
			remoteInfo = ReadingList;
		};
		2A74EBEE1BCD571D005F5E74 /* PBXContainerItemProxy */ = {
			isa = PBXContainerItemProxy;
			containerPortal = 2A74EBA21BCD50B7005F5E74 /* Project object */;
			proxyType = 1;
			remoteGlobalIDString = 2A74EBE91BCD56F6005F5E74;
			remoteInfo = versioner;
		};
		2A74EBF01BCD571F005F5E74 /* PBXContainerItemProxy */ = {
			isa = PBXContainerItemProxy;
			containerPortal = 2A74EBA21BCD50B7005F5E74 /* Project object */;
			proxyType = 1;
			remoteGlobalIDString = 2A74EBE41BCD567E005F5E74;
			remoteInfo = mogenerator;
		};
/* End PBXContainerItemProxy section */

/* Begin PBXFileReference section */
		1B7FEE50961509749458D464 /* libPods-ReadingList.a */ = {isa = PBXFileReference; explicitFileType = archive.ar; includeInIndex = 0; path = "libPods-ReadingList.a"; sourceTree = BUILT_PRODUCTS_DIR; };
		2A19B87F1BCDA1F1009C8F25 /* REDEntityClassFactory.h */ = {isa = PBXFileReference; fileEncoding = 4; lastKnownFileType = sourcecode.c.h; path = REDEntityClassFactory.h; sourceTree = "<group>"; };
		2A19B8801BCDA1F1009C8F25 /* REDEntityClassFactory.m */ = {isa = PBXFileReference; fileEncoding = 4; lastKnownFileType = sourcecode.c.objc; path = REDEntityClassFactory.m; sourceTree = "<group>"; };
		2A19B8831BCDB3C2009C8F25 /* REDBookListViewController.h */ = {isa = PBXFileReference; fileEncoding = 4; lastKnownFileType = sourcecode.c.h; path = REDBookListViewController.h; sourceTree = "<group>"; };
		2A19B8841BCDB3C2009C8F25 /* REDBookListViewController.m */ = {isa = PBXFileReference; fileEncoding = 4; lastKnownFileType = sourcecode.c.objc; path = REDBookListViewController.m; sourceTree = "<group>"; };
		2A19B8851BCDB3C2009C8F25 /* REDBookListViewController.xib */ = {isa = PBXFileReference; fileEncoding = 4; lastKnownFileType = file.xib; path = REDBookListViewController.xib; sourceTree = "<group>"; };
		2A19B88D1BCDB45A009C8F25 /* REDBookDatasource.h */ = {isa = PBXFileReference; fileEncoding = 4; lastKnownFileType = sourcecode.c.h; path = REDBookDatasource.h; sourceTree = "<group>"; };
		2A19B88E1BCDB45A009C8F25 /* REDBookDatasource.m */ = {isa = PBXFileReference; fileEncoding = 4; lastKnownFileType = sourcecode.c.objc; path = REDBookDatasource.m; sourceTree = "<group>"; };
		2A19B8931BCDB493009C8F25 /* REDDatasourceProtocol.h */ = {isa = PBXFileReference; fileEncoding = 4; lastKnownFileType = sourcecode.c.h; path = REDDatasourceProtocol.h; sourceTree = "<group>"; };
		2A19B8951BCDB6DA009C8F25 /* REDBookCell.h */ = {isa = PBXFileReference; fileEncoding = 4; lastKnownFileType = sourcecode.c.h; path = REDBookCell.h; sourceTree = "<group>"; };
		2A19B8961BCDB6DA009C8F25 /* REDBookCell.m */ = {isa = PBXFileReference; fileEncoding = 4; lastKnownFileType = sourcecode.c.objc; path = REDBookCell.m; sourceTree = "<group>"; };
		2A19B8991BCDB6EE009C8F25 /* REDBookCell.xib */ = {isa = PBXFileReference; fileEncoding = 4; lastKnownFileType = file.xib; path = REDBookCell.xib; sourceTree = "<group>"; };
		2A19B89B1BCDB707009C8F25 /* REDDepedencyInjection.h */ = {isa = PBXFileReference; fileEncoding = 4; lastKnownFileType = sourcecode.c.h; path = REDDepedencyInjection.h; sourceTree = "<group>"; };
		2A19B89C1BCDB707009C8F25 /* REDDepedencyInjection.m */ = {isa = PBXFileReference; fileEncoding = 4; lastKnownFileType = sourcecode.c.objc; path = REDDepedencyInjection.m; sourceTree = "<group>"; };
		2A19B89E1BCDBBE7009C8F25 /* REDNavigationBarCustomizer.h */ = {isa = PBXFileReference; fileEncoding = 4; lastKnownFileType = sourcecode.c.h; path = REDNavigationBarCustomizer.h; sourceTree = "<group>"; };
		2A19B89F1BCDBBE7009C8F25 /* REDNavigationBarCustomizer.m */ = {isa = PBXFileReference; fileEncoding = 4; lastKnownFileType = sourcecode.c.objc; path = REDNavigationBarCustomizer.m; sourceTree = "<group>"; };
		2A19B8A41BCDBC2D009C8F25 /* UIFont+ReadingList.h */ = {isa = PBXFileReference; fileEncoding = 4; lastKnownFileType = sourcecode.c.h; path = "UIFont+ReadingList.h"; sourceTree = "<group>"; };
		2A19B8A51BCDBC2D009C8F25 /* UIFont+ReadingList.m */ = {isa = PBXFileReference; fileEncoding = 4; lastKnownFileType = sourcecode.c.objc; path = "UIFont+ReadingList.m"; sourceTree = "<group>"; };
		2A19B8A91BCDBDE3009C8F25 /* REDBookDetailViewController.h */ = {isa = PBXFileReference; fileEncoding = 4; lastKnownFileType = sourcecode.c.h; path = REDBookDetailViewController.h; sourceTree = "<group>"; };
		2A19B8AA1BCDBDE3009C8F25 /* REDBookDetailViewController.m */ = {isa = PBXFileReference; fileEncoding = 4; lastKnownFileType = sourcecode.c.objc; path = REDBookDetailViewController.m; sourceTree = "<group>"; };
		2A19B8AB1BCDBDE3009C8F25 /* REDBookDetailViewController.xib */ = {isa = PBXFileReference; fileEncoding = 4; lastKnownFileType = file.xib; path = REDBookDetailViewController.xib; sourceTree = "<group>"; };
		2A19B8AF1BCDBE94009C8F25 /* REDBookAddViewController.h */ = {isa = PBXFileReference; fileEncoding = 4; lastKnownFileType = sourcecode.c.h; path = REDBookAddViewController.h; sourceTree = "<group>"; };
		2A19B8B01BCDBE94009C8F25 /* REDBookAddViewController.m */ = {isa = PBXFileReference; fileEncoding = 4; lastKnownFileType = sourcecode.c.objc; path = REDBookAddViewController.m; sourceTree = "<group>"; };
		2A19B8B11BCDBE94009C8F25 /* REDBookAddViewController.xib */ = {isa = PBXFileReference; fileEncoding = 4; lastKnownFileType = file.xib; path = REDBookAddViewController.xib; sourceTree = "<group>"; };
		2A19B8B51BCDC0CA009C8F25 /* UIStaticTableView.h */ = {isa = PBXFileReference; fileEncoding = 4; lastKnownFileType = sourcecode.c.h; path = UIStaticTableView.h; sourceTree = "<group>"; };
		2A19B8B61BCDC0CA009C8F25 /* UIStaticTableView.m */ = {isa = PBXFileReference; fileEncoding = 4; lastKnownFileType = sourcecode.c.objc; path = UIStaticTableView.m; sourceTree = "<group>"; };
		2A74EBAA1BCD50B7005F5E74 /* ReadingList.app */ = {isa = PBXFileReference; explicitFileType = wrapper.application; includeInIndex = 0; path = ReadingList.app; sourceTree = BUILT_PRODUCTS_DIR; };
		2A74EBAE1BCD50B7005F5E74 /* main.m */ = {isa = PBXFileReference; lastKnownFileType = sourcecode.c.objc; path = main.m; sourceTree = "<group>"; };
		2A74EBB01BCD50B7005F5E74 /* AppDelegate.h */ = {isa = PBXFileReference; lastKnownFileType = sourcecode.c.h; path = AppDelegate.h; sourceTree = "<group>"; };
		2A74EBB11BCD50B7005F5E74 /* AppDelegate.m */ = {isa = PBXFileReference; lastKnownFileType = sourcecode.c.objc; path = AppDelegate.m; sourceTree = "<group>"; };
		2A74EBBA1BCD50B8005F5E74 /* ReadingList.xcdatamodel */ = {isa = PBXFileReference; lastKnownFileType = wrapper.xcdatamodel; path = ReadingList.xcdatamodel; sourceTree = "<group>"; };
		2A74EBBC1BCD50B8005F5E74 /* Assets.xcassets */ = {isa = PBXFileReference; lastKnownFileType = folder.assetcatalog; path = Assets.xcassets; sourceTree = "<group>"; };
		2A74EBBF1BCD50B8005F5E74 /* Base */ = {isa = PBXFileReference; lastKnownFileType = file.storyboard; name = Base; path = Base.lproj/LaunchScreen.storyboard; sourceTree = "<group>"; };
		2A74EBC11BCD50B8005F5E74 /* Info.plist */ = {isa = PBXFileReference; lastKnownFileType = text.plist.xml; path = Info.plist; sourceTree = "<group>"; };
		2A74EBC61BCD50B8005F5E74 /* ReadingListTests.xctest */ = {isa = PBXFileReference; explicitFileType = wrapper.cfbundle; includeInIndex = 0; path = ReadingListTests.xctest; sourceTree = BUILT_PRODUCTS_DIR; };
		2A74EBCA1BCD50B8005F5E74 /* ReadingListTests.m */ = {isa = PBXFileReference; lastKnownFileType = sourcecode.c.objc; path = ReadingListTests.m; sourceTree = "<group>"; };
		2A74EBCC1BCD50B8005F5E74 /* Info.plist */ = {isa = PBXFileReference; lastKnownFileType = text.plist.xml; path = Info.plist; sourceTree = "<group>"; };
		2A74EBD11BCD50B8005F5E74 /* ReadingListUITests.xctest */ = {isa = PBXFileReference; explicitFileType = wrapper.cfbundle; includeInIndex = 0; path = ReadingListUITests.xctest; sourceTree = BUILT_PRODUCTS_DIR; };
		2A74EBD51BCD50B8005F5E74 /* ReadingListUITests.m */ = {isa = PBXFileReference; lastKnownFileType = sourcecode.c.objc; path = ReadingListUITests.m; sourceTree = "<group>"; };
		2A74EBD71BCD50B8005F5E74 /* Info.plist */ = {isa = PBXFileReference; lastKnownFileType = text.plist.xml; path = Info.plist; sourceTree = "<group>"; };
		2A74EBF21BCD57BD005F5E74 /* REDDataStack.h */ = {isa = PBXFileReference; fileEncoding = 4; lastKnownFileType = sourcecode.c.h; path = REDDataStack.h; sourceTree = "<group>"; };
		2A74EBF31BCD57BD005F5E74 /* REDDataStack.m */ = {isa = PBXFileReference; fileEncoding = 4; lastKnownFileType = sourcecode.c.objc; path = REDDataStack.m; sourceTree = "<group>"; };
		2A74EBF81BCD59B1005F5E74 /* _REDArtist.h */ = {isa = PBXFileReference; fileEncoding = 4; lastKnownFileType = sourcecode.c.h; name = _REDArtist.h; path = PersistentEntities/_REDArtist.h; sourceTree = "<group>"; };
		2A74EBF91BCD59B1005F5E74 /* _REDArtist.m */ = {isa = PBXFileReference; fileEncoding = 4; lastKnownFileType = sourcecode.c.objc; name = _REDArtist.m; path = PersistentEntities/_REDArtist.m; sourceTree = "<group>"; };
		2A74EBFA1BCD59B1005F5E74 /* _REDBook.h */ = {isa = PBXFileReference; fileEncoding = 4; lastKnownFileType = sourcecode.c.h; name = _REDBook.h; path = PersistentEntities/_REDBook.h; sourceTree = "<group>"; };
		2A74EBFB1BCD59B1005F5E74 /* _REDBook.m */ = {isa = PBXFileReference; fileEncoding = 4; lastKnownFileType = sourcecode.c.objc; name = _REDBook.m; path = PersistentEntities/_REDBook.m; sourceTree = "<group>"; };
		2A74EBFC1BCD59B1005F5E74 /* _REDCategory.h */ = {isa = PBXFileReference; fileEncoding = 4; lastKnownFileType = sourcecode.c.h; name = _REDCategory.h; path = PersistentEntities/_REDCategory.h; sourceTree = "<group>"; };
		2A74EBFD1BCD59B1005F5E74 /* _REDCategory.m */ = {isa = PBXFileReference; fileEncoding = 4; lastKnownFileType = sourcecode.c.objc; name = _REDCategory.m; path = PersistentEntities/_REDCategory.m; sourceTree = "<group>"; };
		2A74EC011BCD59B8005F5E74 /* REDArtist.h */ = {isa = PBXFileReference; fileEncoding = 4; lastKnownFileType = sourcecode.c.h; name = REDArtist.h; path = PersistentEntities/REDArtist.h; sourceTree = "<group>"; };
		2A74EC021BCD59B8005F5E74 /* REDArtist.m */ = {isa = PBXFileReference; fileEncoding = 4; lastKnownFileType = sourcecode.c.objc; name = REDArtist.m; path = PersistentEntities/REDArtist.m; sourceTree = "<group>"; };
		2A74EC031BCD59B8005F5E74 /* REDBook.h */ = {isa = PBXFileReference; fileEncoding = 4; lastKnownFileType = sourcecode.c.h; name = REDBook.h; path = PersistentEntities/REDBook.h; sourceTree = "<group>"; };
		2A74EC041BCD59B8005F5E74 /* REDBook.m */ = {isa = PBXFileReference; fileEncoding = 4; lastKnownFileType = sourcecode.c.objc; name = REDBook.m; path = PersistentEntities/REDBook.m; sourceTree = "<group>"; };
		2A74EC051BCD59B8005F5E74 /* REDCategory.h */ = {isa = PBXFileReference; fileEncoding = 4; lastKnownFileType = sourcecode.c.h; name = REDCategory.h; path = PersistentEntities/REDCategory.h; sourceTree = "<group>"; };
		2A74EC061BCD59B8005F5E74 /* REDCategory.m */ = {isa = PBXFileReference; fileEncoding = 4; lastKnownFileType = sourcecode.c.objc; name = REDCategory.m; path = PersistentEntities/REDCategory.m; sourceTree = "<group>"; };
		2A74EC0C1BCD59DB005F5E74 /* REDBookProtocol.h */ = {isa = PBXFileReference; fileEncoding = 4; lastKnownFileType = sourcecode.c.h; path = REDBookProtocol.h; sourceTree = "<group>"; };
		2A74EC0D1BCD59E9005F5E74 /* REDArtistProtocol.h */ = {isa = PBXFileReference; fileEncoding = 4; lastKnownFileType = sourcecode.c.h; path = REDArtistProtocol.h; sourceTree = "<group>"; };
		2A74EC0F1BCD59F9005F5E74 /* REDCategoryProtocol.h */ = {isa = PBXFileReference; fileEncoding = 4; lastKnownFileType = sourcecode.c.h; path = REDCategoryProtocol.h; sourceTree = "<group>"; };
		2A74EC101BCD5A02005F5E74 /* REDNamable.h */ = {isa = PBXFileReference; fileEncoding = 4; lastKnownFileType = sourcecode.c.h; path = REDNamable.h; sourceTree = "<group>"; };
		2A74EC131BCD5BA4005F5E74 /* REDEntityFetcher.h */ = {isa = PBXFileReference; fileEncoding = 4; lastKnownFileType = sourcecode.c.h; path = REDEntityFetcher.h; sourceTree = "<group>"; };
		2A74EC141BCD5BA4005F5E74 /* REDEntityFetcher.m */ = {isa = PBXFileReference; fileEncoding = 4; lastKnownFileType = sourcecode.c.objc; path = REDEntityFetcher.m; sourceTree = "<group>"; };
		2A74EC151BCD5BA4005F5E74 /* REDEntityRemover.h */ = {isa = PBXFileReference; fileEncoding = 4; lastKnownFileType = sourcecode.c.h; path = REDEntityRemover.h; sourceTree = "<group>"; };
		2A74EC161BCD5BA4005F5E74 /* REDEntityRemover.m */ = {isa = PBXFileReference; fileEncoding = 4; lastKnownFileType = sourcecode.c.objc; path = REDEntityRemover.m; sourceTree = "<group>"; };
		2A74EC1B1BCDE2D0005F5E74 /* REDBookHeaderCell.h */ = {isa = PBXFileReference; fileEncoding = 4; lastKnownFileType = sourcecode.c.h; path = REDBookHeaderCell.h; sourceTree = "<group>"; };
		2A74EC1C1BCDE2D0005F5E74 /* REDBookHeaderCell.m */ = {isa = PBXFileReference; fileEncoding = 4; lastKnownFileType = sourcecode.c.objc; path = REDBookHeaderCell.m; sourceTree = "<group>"; };
		2A74EC1F1BCDE2E2005F5E74 /* REDBookHeaderCell.xib */ = {isa = PBXFileReference; fileEncoding = 4; lastKnownFileType = file.xib; path = REDBookHeaderCell.xib; sourceTree = "<group>"; };
		2A74EC211BCDE656005F5E74 /* UITextField+DoneButton.h */ = {isa = PBXFileReference; fileEncoding = 4; lastKnownFileType = sourcecode.c.h; path = "UITextField+DoneButton.h"; sourceTree = "<group>"; };
		2A74EC221BCDE656005F5E74 /* UITextField+DoneButton.m */ = {isa = PBXFileReference; fileEncoding = 4; lastKnownFileType = sourcecode.c.objc; path = "UITextField+DoneButton.m"; sourceTree = "<group>"; };
		2A74EC261BCDE768005F5E74 /* UIColor+ReadingList.h */ = {isa = PBXFileReference; fileEncoding = 4; lastKnownFileType = sourcecode.c.h; path = "UIColor+ReadingList.h"; sourceTree = "<group>"; };
		2A74EC271BCDE768005F5E74 /* UIColor+ReadingList.m */ = {isa = PBXFileReference; fileEncoding = 4; lastKnownFileType = sourcecode.c.objc; path = "UIColor+ReadingList.m"; sourceTree = "<group>"; };
		2A74EC291BCDE8F3005F5E74 /* REDBookCategoryCell.h */ = {isa = PBXFileReference; fileEncoding = 4; lastKnownFileType = sourcecode.c.h; path = REDBookCategoryCell.h; sourceTree = "<group>"; };
		2A74EC2A1BCDE8F3005F5E74 /* REDBookCategoryCell.m */ = {isa = PBXFileReference; fileEncoding = 4; lastKnownFileType = sourcecode.c.objc; path = REDBookCategoryCell.m; sourceTree = "<group>"; };
		2A74EC2D1BCDE9A7005F5E74 /* REDBookCategoryCell.xib */ = {isa = PBXFileReference; fileEncoding = 4; lastKnownFileType = file.xib; path = REDBookCategoryCell.xib; sourceTree = "<group>"; };
		2A74EC371BCDF477005F5E74 /* REDBookPagesCell.h */ = {isa = PBXFileReference; fileEncoding = 4; lastKnownFileType = sourcecode.c.h; path = REDBookPagesCell.h; sourceTree = "<group>"; };
		2A74EC381BCDF477005F5E74 /* REDBookPagesCell.m */ = {isa = PBXFileReference; fileEncoding = 4; lastKnownFileType = sourcecode.c.objc; path = REDBookPagesCell.m; sourceTree = "<group>"; };
		2A74EC3B1BCDF489005F5E74 /* REDBookPagesCell.xib */ = {isa = PBXFileReference; fileEncoding = 4; lastKnownFileType = file.xib; path = REDBookPagesCell.xib; sourceTree = "<group>"; };
		2A74EC3D1BCDF5D8005F5E74 /* REDPageProgressCell.h */ = {isa = PBXFileReference; fileEncoding = 4; lastKnownFileType = sourcecode.c.h; path = REDPageProgressCell.h; sourceTree = "<group>"; };
		2A74EC3E1BCDF5D8005F5E74 /* REDPageProgressCell.m */ = {isa = PBXFileReference; fileEncoding = 4; lastKnownFileType = sourcecode.c.objc; path = REDPageProgressCell.m; sourceTree = "<group>"; };
		2A74EC3F1BCDF5D8005F5E74 /* REDPageProgressCell.xib */ = {isa = PBXFileReference; fileEncoding = 4; lastKnownFileType = file.xib; path = REDPageProgressCell.xib; sourceTree = "<group>"; };
		2A74EC431BCE0037005F5E74 /* REDCategoryViewController.h */ = {isa = PBXFileReference; fileEncoding = 4; lastKnownFileType = sourcecode.c.h; path = REDCategoryViewController.h; sourceTree = "<group>"; };
		2A74EC441BCE0037005F5E74 /* REDCategoryViewController.m */ = {isa = PBXFileReference; fileEncoding = 4; lastKnownFileType = sourcecode.c.objc; path = REDCategoryViewController.m; sourceTree = "<group>"; };
		2A74EC451BCE0037005F5E74 /* REDCategoryViewController.xib */ = {isa = PBXFileReference; fileEncoding = 4; lastKnownFileType = file.xib; path = REDCategoryViewController.xib; sourceTree = "<group>"; };
		2A74EC491BCE3E9A005F5E74 /* REDCategoryDatasource.h */ = {isa = PBXFileReference; fileEncoding = 4; lastKnownFileType = sourcecode.c.h; path = REDCategoryDatasource.h; sourceTree = "<group>"; };
		2A74EC4A1BCE3E9A005F5E74 /* REDCategoryDatasource.m */ = {isa = PBXFileReference; fileEncoding = 4; lastKnownFileType = sourcecode.c.objc; path = REDCategoryDatasource.m; sourceTree = "<group>"; };
		2A74EC4D1BCE3FAA005F5E74 /* REDStaticData.h */ = {isa = PBXFileReference; fileEncoding = 4; lastKnownFileType = sourcecode.c.h; path = REDStaticData.h; sourceTree = "<group>"; };
		2A74EC4E1BCE3FAA005F5E74 /* REDStaticData.m */ = {isa = PBXFileReference; fileEncoding = 4; lastKnownFileType = sourcecode.c.objc; path = REDStaticData.m; sourceTree = "<group>"; };
		2A74EC541BCE4014005F5E74 /* REDEntityCreator.h */ = {isa = PBXFileReference; fileEncoding = 4; lastKnownFileType = sourcecode.c.h; path = REDEntityCreator.h; sourceTree = "<group>"; };
		2A74EC551BCE4014005F5E74 /* REDEntityCreator.m */ = {isa = PBXFileReference; fileEncoding = 4; lastKnownFileType = sourcecode.c.objc; path = REDEntityCreator.m; sourceTree = "<group>"; };
		3E45B861C0B764E9EA275FCE /* Pods-ReadingList.debug.xcconfig */ = {isa = PBXFileReference; includeInIndex = 1; lastKnownFileType = text.xcconfig; name = "Pods-ReadingList.debug.xcconfig"; path = "Pods/Target Support Files/Pods-ReadingList/Pods-ReadingList.debug.xcconfig"; sourceTree = "<group>"; };
		A0A9D83157DE316499E521BB /* Pods-ReadingList.release.xcconfig */ = {isa = PBXFileReference; includeInIndex = 1; lastKnownFileType = text.xcconfig; name = "Pods-ReadingList.release.xcconfig"; path = "Pods/Target Support Files/Pods-ReadingList/Pods-ReadingList.release.xcconfig"; sourceTree = "<group>"; };
/* End PBXFileReference section */

/* Begin PBXFrameworksBuildPhase section */
		2A74EBA71BCD50B7005F5E74 /* Frameworks */ = {
			isa = PBXFrameworksBuildPhase;
			buildActionMask = 2147483647;
			files = (
				F0D73D8F6947F45F4F686A75 /* libPods-ReadingList.a in Frameworks */,
			);
			runOnlyForDeploymentPostprocessing = 0;
		};
		2A74EBC31BCD50B8005F5E74 /* Frameworks */ = {
			isa = PBXFrameworksBuildPhase;
			buildActionMask = 2147483647;
			files = (
			);
			runOnlyForDeploymentPostprocessing = 0;
		};
		2A74EBCE1BCD50B8005F5E74 /* Frameworks */ = {
			isa = PBXFrameworksBuildPhase;
			buildActionMask = 2147483647;
			files = (
			);
			runOnlyForDeploymentPostprocessing = 0;
		};
/* End PBXFrameworksBuildPhase section */

/* Begin PBXGroup section */
		26F96062BE7908879D781302 /* Pods */ = {
			isa = PBXGroup;
			children = (
				3E45B861C0B764E9EA275FCE /* Pods-ReadingList.debug.xcconfig */,
				A0A9D83157DE316499E521BB /* Pods-ReadingList.release.xcconfig */,
			);
			name = Pods;
			sourceTree = "<group>";
		};
		2A19B87E1BCDA1D4009C8F25 /* Factories */ = {
			isa = PBXGroup;
			children = (
				2A19B8821BCDA1F7009C8F25 /* Entity Class Factory */,
			);
			name = Factories;
			sourceTree = "<group>";
		};
		2A19B8821BCDA1F7009C8F25 /* Entity Class Factory */ = {
			isa = PBXGroup;
			children = (
				2A19B87F1BCDA1F1009C8F25 /* REDEntityClassFactory.h */,
				2A19B8801BCDA1F1009C8F25 /* REDEntityClassFactory.m */,
			);
			name = "Entity Class Factory";
			sourceTree = "<group>";
		};
		2A19B8881BCDB3C6009C8F25 /* Book List View Controller */ = {
			isa = PBXGroup;
			children = (
				2A19B8831BCDB3C2009C8F25 /* REDBookListViewController.h */,
				2A19B8841BCDB3C2009C8F25 /* REDBookListViewController.m */,
				2A19B8851BCDB3C2009C8F25 /* REDBookListViewController.xib */,
			);
			name = "Book List View Controller";
			sourceTree = "<group>";
		};
		2A19B8891BCDB3E2009C8F25 /* View Controllers */ = {
			isa = PBXGroup;
			children = (
				2A19B8881BCDB3C6009C8F25 /* Book List View Controller */,
				2A19B8AE1BCDBDE6009C8F25 /* Book Detail View Controller */,
				2A19B8B41BCDBE9A009C8F25 /* Book Add View Controller */,
				2A74EC481BCE0039005F5E74 /* Category View Controller */,
			);
			name = "View Controllers";
			sourceTree = "<group>";
		};
		2A19B88A1BCDB3E9009C8F25 /* Datasources */ = {
			isa = PBXGroup;
			children = (
				2A74EC2F1BCDEA3D005F5E74 /* Table View */,
			);
			name = Datasources;
			sourceTree = "<group>";
		};
		2A19B88B1BCDB3F2009C8F25 /* Cells */ = {
			isa = PBXGroup;
			children = (
				2A19B8981BCDB6DC009C8F25 /* Book Cell */,
				2A74EC1E1BCDE2D4005F5E74 /* Book Header Cell */,
				2A74EC2C1BCDE8F8005F5E74 /* Category Cell */,
				2A74EC3A1BCDF479005F5E74 /* Pages Cell */,
				2A74EC421BCDF5DA005F5E74 /* Page Progress Cell */,
			);
			name = Cells;
			sourceTree = "<group>";
		};
		2A19B88C1BCDB3F7009C8F25 /* Depedency Injection */ = {
			isa = PBXGroup;
			children = (
				2A19B89B1BCDB707009C8F25 /* REDDepedencyInjection.h */,
				2A19B89C1BCDB707009C8F25 /* REDDepedencyInjection.m */,
			);
			name = "Depedency Injection";
			sourceTree = "<group>";
		};
		2A19B8901BCDB45F009C8F25 /* Book List Datasource */ = {
			isa = PBXGroup;
			children = (
				2A19B88D1BCDB45A009C8F25 /* REDBookDatasource.h */,
				2A19B88E1BCDB45A009C8F25 /* REDBookDatasource.m */,
			);
			name = "Book List Datasource";
			sourceTree = "<group>";
		};
		2A19B8911BCDB479009C8F25 /* Concrete */ = {
			isa = PBXGroup;
			children = (
				2A19B8901BCDB45F009C8F25 /* Book List Datasource */,
				2A74EC4C1BCE3E9C005F5E74 /* Category Datasource */,
			);
			name = Concrete;
			sourceTree = "<group>";
		};
		2A19B8921BCDB47E009C8F25 /* Abstract */ = {
			isa = PBXGroup;
			children = (
				2A19B8931BCDB493009C8F25 /* REDDatasourceProtocol.h */,
			);
			name = Abstract;
			sourceTree = "<group>";
		};
		2A19B8981BCDB6DC009C8F25 /* Book Cell */ = {
			isa = PBXGroup;
			children = (
				2A19B8951BCDB6DA009C8F25 /* REDBookCell.h */,
				2A19B8961BCDB6DA009C8F25 /* REDBookCell.m */,
				2A19B8991BCDB6EE009C8F25 /* REDBookCell.xib */,
			);
			name = "Book Cell";
			sourceTree = "<group>";
		};
		2A19B8A11BCDBBEA009C8F25 /* General Classes */ = {
			isa = PBXGroup;
			children = (
				2A19B8A21BCDBBF3009C8F25 /* Customizer */,
				2A74EC501BCE3FAD005F5E74 /* Static Data */,
			);
			name = "General Classes";
			sourceTree = "<group>";
		};
		2A19B8A21BCDBBF3009C8F25 /* Customizer */ = {
			isa = PBXGroup;
			children = (
				2A19B8A31BCDBBFF009C8F25 /* Navigation Bar */,
			);
			name = Customizer;
			sourceTree = "<group>";
		};
		2A19B8A31BCDBBFF009C8F25 /* Navigation Bar */ = {
			isa = PBXGroup;
			children = (
				2A19B89E1BCDBBE7009C8F25 /* REDNavigationBarCustomizer.h */,
				2A19B89F1BCDBBE7009C8F25 /* REDNavigationBarCustomizer.m */,
			);
			name = "Navigation Bar";
			sourceTree = "<group>";
		};
		2A19B8A71BCDBC30009C8F25 /* UIFont */ = {
			isa = PBXGroup;
			children = (
				2A19B8A41BCDBC2D009C8F25 /* UIFont+ReadingList.h */,
				2A19B8A51BCDBC2D009C8F25 /* UIFont+ReadingList.m */,
			);
			name = UIFont;
			sourceTree = "<group>";
		};
		2A19B8A81BCDBC34009C8F25 /* Categories */ = {
			isa = PBXGroup;
			children = (
				2A74EC251BCDE758005F5E74 /* UIColor */,
				2A19B8A71BCDBC30009C8F25 /* UIFont */,
				2A74EC241BCDE754005F5E74 /* UITextField */,
			);
			name = Categories;
			sourceTree = "<group>";
		};
		2A19B8AE1BCDBDE6009C8F25 /* Book Detail View Controller */ = {
			isa = PBXGroup;
			children = (
				2A19B8A91BCDBDE3009C8F25 /* REDBookDetailViewController.h */,
				2A19B8AA1BCDBDE3009C8F25 /* REDBookDetailViewController.m */,
				2A19B8AB1BCDBDE3009C8F25 /* REDBookDetailViewController.xib */,
			);
			name = "Book Detail View Controller";
			sourceTree = "<group>";
		};
		2A19B8B41BCDBE9A009C8F25 /* Book Add View Controller */ = {
			isa = PBXGroup;
			children = (
				2A19B8AF1BCDBE94009C8F25 /* REDBookAddViewController.h */,
				2A19B8B01BCDBE94009C8F25 /* REDBookAddViewController.m */,
				2A19B8B11BCDBE94009C8F25 /* REDBookAddViewController.xib */,
			);
			name = "Book Add View Controller";
			sourceTree = "<group>";
		};
		2A19B8B81BCDC0CF009C8F25 /* Static Table View */ = {
			isa = PBXGroup;
			children = (
				2A19B8B51BCDC0CA009C8F25 /* UIStaticTableView.h */,
				2A19B8B61BCDC0CA009C8F25 /* UIStaticTableView.m */,
			);
			name = "Static Table View";
			sourceTree = "<group>";
		};
		2A19B8B91BCDC0D9009C8F25 /* Custom Views */ = {
			isa = PBXGroup;
			children = (
				2A19B8B81BCDC0CF009C8F25 /* Static Table View */,
			);
			name = "Custom Views";
			sourceTree = "<group>";
		};
		2A74EBA11BCD50B7005F5E74 = {
			isa = PBXGroup;
			children = (
				2A74EBAC1BCD50B7005F5E74 /* ReadingList */,
				2A74EBC91BCD50B8005F5E74 /* ReadingListTests */,
				2A74EBD41BCD50B8005F5E74 /* ReadingListUITests */,
				2A74EBAB1BCD50B7005F5E74 /* Products */,
				26F96062BE7908879D781302 /* Pods */,
				3C1B8AFD86E40D76DA605411 /* Frameworks */,
			);
			sourceTree = "<group>";
		};
		2A74EBAB1BCD50B7005F5E74 /* Products */ = {
			isa = PBXGroup;
			children = (
				2A74EBAA1BCD50B7005F5E74 /* ReadingList.app */,
				2A74EBC61BCD50B8005F5E74 /* ReadingListTests.xctest */,
				2A74EBD11BCD50B8005F5E74 /* ReadingListUITests.xctest */,
			);
			name = Products;
			sourceTree = "<group>";
		};
		2A74EBAC1BCD50B7005F5E74 /* ReadingList */ = {
			isa = PBXGroup;
			children = (
				2A19B8B91BCDC0D9009C8F25 /* Custom Views */,
				2A19B8A81BCDBC34009C8F25 /* Categories */,
				2A19B88C1BCDB3F7009C8F25 /* Depedency Injection */,
				2A19B88B1BCDB3F2009C8F25 /* Cells */,
				2A19B88A1BCDB3E9009C8F25 /* Datasources */,
				2A19B87E1BCDA1D4009C8F25 /* Factories */,
				2A19B8A11BCDBBEA009C8F25 /* General Classes */,
				2A74EBE31BCD545B005F5E74 /* Persistent */,
				2A19B8891BCDB3E2009C8F25 /* View Controllers */,
				2A74EBAD1BCD50B7005F5E74 /* Supporting Files */,
			);
			path = ReadingList;
			sourceTree = "<group>";
		};
		2A74EBAD1BCD50B7005F5E74 /* Supporting Files */ = {
			isa = PBXGroup;
			children = (
				2A74EBB01BCD50B7005F5E74 /* AppDelegate.h */,
				2A74EBB11BCD50B7005F5E74 /* AppDelegate.m */,
				2A74EBBC1BCD50B8005F5E74 /* Assets.xcassets */,
				2A74EBBE1BCD50B8005F5E74 /* LaunchScreen.storyboard */,
				2A74EBC11BCD50B8005F5E74 /* Info.plist */,
				2A74EBAE1BCD50B7005F5E74 /* main.m */,
			);
			name = "Supporting Files";
			sourceTree = "<group>";
		};
		2A74EBC91BCD50B8005F5E74 /* ReadingListTests */ = {
			isa = PBXGroup;
			children = (
				2A74EBCA1BCD50B8005F5E74 /* ReadingListTests.m */,
				2A74EBCC1BCD50B8005F5E74 /* Info.plist */,
			);
			path = ReadingListTests;
			sourceTree = "<group>";
		};
		2A74EBD41BCD50B8005F5E74 /* ReadingListUITests */ = {
			isa = PBXGroup;
			children = (
				2A74EBD51BCD50B8005F5E74 /* ReadingListUITests.m */,
				2A74EBD71BCD50B8005F5E74 /* Info.plist */,
			);
			path = ReadingListUITests;
			sourceTree = "<group>";
		};
		2A74EBE31BCD545B005F5E74 /* Persistent */ = {
			isa = PBXGroup;
			children = (
				2A74EBB91BCD50B8005F5E74 /* ReadingList.xcdatamodeld */,
				2A74EC1A1BCD5BA7005F5E74 /* Enitity Managers */,
				2A74EBF51BCD57F5005F5E74 /* Data Stack */,
				2A74EBF71BCD59A6005F5E74 /* Generated */,
				2A74EBF61BCD59A3005F5E74 /* Usable */,
			);
			name = Persistent;
			sourceTree = "<group>";
		};
		2A74EBF51BCD57F5005F5E74 /* Data Stack */ = {
			isa = PBXGroup;
			children = (
				2A74EBF21BCD57BD005F5E74 /* REDDataStack.h */,
				2A74EBF31BCD57BD005F5E74 /* REDDataStack.m */,
			);
			name = "Data Stack";
			sourceTree = "<group>";
		};
		2A74EBF61BCD59A3005F5E74 /* Usable */ = {
			isa = PBXGroup;
			children = (
				2A74EC0B1BCD59D1005F5E74 /* Abstract */,
				2A74EC0A1BCD59CB005F5E74 /* Concrete */,
			);
			name = Usable;
			sourceTree = "<group>";
		};
		2A74EBF71BCD59A6005F5E74 /* Generated */ = {
			isa = PBXGroup;
			children = (
				2A74EBF81BCD59B1005F5E74 /* _REDArtist.h */,
				2A74EBF91BCD59B1005F5E74 /* _REDArtist.m */,
				2A74EBFA1BCD59B1005F5E74 /* _REDBook.h */,
				2A74EBFB1BCD59B1005F5E74 /* _REDBook.m */,
				2A74EBFC1BCD59B1005F5E74 /* _REDCategory.h */,
				2A74EBFD1BCD59B1005F5E74 /* _REDCategory.m */,
			);
			name = Generated;
			sourceTree = "<group>";
		};
		2A74EC0A1BCD59CB005F5E74 /* Concrete */ = {
			isa = PBXGroup;
			children = (
				2A74EC011BCD59B8005F5E74 /* REDArtist.h */,
				2A74EC021BCD59B8005F5E74 /* REDArtist.m */,
				2A74EC031BCD59B8005F5E74 /* REDBook.h */,
				2A74EC041BCD59B8005F5E74 /* REDBook.m */,
				2A74EC051BCD59B8005F5E74 /* REDCategory.h */,
				2A74EC061BCD59B8005F5E74 /* REDCategory.m */,
			);
			name = Concrete;
			sourceTree = "<group>";
		};
		2A74EC0B1BCD59D1005F5E74 /* Abstract */ = {
			isa = PBXGroup;
			children = (
				2A74EC0C1BCD59DB005F5E74 /* REDBookProtocol.h */,
				2A74EC0D1BCD59E9005F5E74 /* REDArtistProtocol.h */,
				2A74EC0F1BCD59F9005F5E74 /* REDCategoryProtocol.h */,
				2A74EC101BCD5A02005F5E74 /* REDNamable.h */,
			);
			name = Abstract;
			sourceTree = "<group>";
		};
		2A74EC1A1BCD5BA7005F5E74 /* Enitity Managers */ = {
			isa = PBXGroup;
			children = (
				2A74EC541BCE4014005F5E74 /* REDEntityCreator.h */,
				2A74EC551BCE4014005F5E74 /* REDEntityCreator.m */,
				2A74EC131BCD5BA4005F5E74 /* REDEntityFetcher.h */,
				2A74EC141BCD5BA4005F5E74 /* REDEntityFetcher.m */,
				2A74EC151BCD5BA4005F5E74 /* REDEntityRemover.h */,
				2A74EC161BCD5BA4005F5E74 /* REDEntityRemover.m */,
			);
			name = "Enitity Managers";
			sourceTree = "<group>";
		};
		2A74EC1E1BCDE2D4005F5E74 /* Book Header Cell */ = {
			isa = PBXGroup;
			children = (
				2A74EC1B1BCDE2D0005F5E74 /* REDBookHeaderCell.h */,
				2A74EC1C1BCDE2D0005F5E74 /* REDBookHeaderCell.m */,
				2A74EC1F1BCDE2E2005F5E74 /* REDBookHeaderCell.xib */,
			);
			name = "Book Header Cell";
			sourceTree = "<group>";
		};
		2A74EC241BCDE754005F5E74 /* UITextField */ = {
			isa = PBXGroup;
			children = (
				2A74EC211BCDE656005F5E74 /* UITextField+DoneButton.h */,
				2A74EC221BCDE656005F5E74 /* UITextField+DoneButton.m */,
			);
			name = UITextField;
			sourceTree = "<group>";
		};
		2A74EC251BCDE758005F5E74 /* UIColor */ = {
			isa = PBXGroup;
			children = (
				2A74EC261BCDE768005F5E74 /* UIColor+ReadingList.h */,
				2A74EC271BCDE768005F5E74 /* UIColor+ReadingList.m */,
			);
			name = UIColor;
			sourceTree = "<group>";
		};
		2A74EC2C1BCDE8F8005F5E74 /* Category Cell */ = {
			isa = PBXGroup;
			children = (
				2A74EC291BCDE8F3005F5E74 /* REDBookCategoryCell.h */,
				2A74EC2A1BCDE8F3005F5E74 /* REDBookCategoryCell.m */,
				2A74EC2D1BCDE9A7005F5E74 /* REDBookCategoryCell.xib */,
			);
			name = "Category Cell";
			sourceTree = "<group>";
		};
		2A74EC2F1BCDEA3D005F5E74 /* Table View */ = {
			isa = PBXGroup;
			children = (
				2A19B8921BCDB47E009C8F25 /* Abstract */,
				2A19B8911BCDB479009C8F25 /* Concrete */,
			);
			name = "Table View";
			sourceTree = "<group>";
		};
		2A74EC3A1BCDF479005F5E74 /* Pages Cell */ = {
			isa = PBXGroup;
			children = (
				2A74EC371BCDF477005F5E74 /* REDBookPagesCell.h */,
				2A74EC381BCDF477005F5E74 /* REDBookPagesCell.m */,
				2A74EC3B1BCDF489005F5E74 /* REDBookPagesCell.xib */,
			);
			name = "Pages Cell";
			sourceTree = "<group>";
		};
		2A74EC421BCDF5DA005F5E74 /* Page Progress Cell */ = {
			isa = PBXGroup;
			children = (
				2A74EC3D1BCDF5D8005F5E74 /* REDPageProgressCell.h */,
				2A74EC3E1BCDF5D8005F5E74 /* REDPageProgressCell.m */,
				2A74EC3F1BCDF5D8005F5E74 /* REDPageProgressCell.xib */,
			);
			name = "Page Progress Cell";
			sourceTree = "<group>";
		};
		2A74EC481BCE0039005F5E74 /* Category View Controller */ = {
			isa = PBXGroup;
			children = (
				2A74EC431BCE0037005F5E74 /* REDCategoryViewController.h */,
				2A74EC441BCE0037005F5E74 /* REDCategoryViewController.m */,
				2A74EC451BCE0037005F5E74 /* REDCategoryViewController.xib */,
			);
			name = "Category View Controller";
			sourceTree = "<group>";
		};
		2A74EC4C1BCE3E9C005F5E74 /* Category Datasource */ = {
			isa = PBXGroup;
			children = (
				2A74EC491BCE3E9A005F5E74 /* REDCategoryDatasource.h */,
				2A74EC4A1BCE3E9A005F5E74 /* REDCategoryDatasource.m */,
			);
			name = "Category Datasource";
			sourceTree = "<group>";
		};
		2A74EC501BCE3FAD005F5E74 /* Static Data */ = {
			isa = PBXGroup;
			children = (
				2A74EC4D1BCE3FAA005F5E74 /* REDStaticData.h */,
				2A74EC4E1BCE3FAA005F5E74 /* REDStaticData.m */,
			);
			name = "Static Data";
			sourceTree = "<group>";
		};
		3C1B8AFD86E40D76DA605411 /* Frameworks */ = {
			isa = PBXGroup;
			children = (
				1B7FEE50961509749458D464 /* libPods-ReadingList.a */,
			);
			name = Frameworks;
			sourceTree = "<group>";
		};
/* End PBXGroup section */

/* Begin PBXNativeTarget section */
		2A74EBA91BCD50B7005F5E74 /* ReadingList */ = {
			isa = PBXNativeTarget;
			buildConfigurationList = 2A74EBDA1BCD50B8005F5E74 /* Build configuration list for PBXNativeTarget "ReadingList" */;
			buildPhases = (
				11320DDD6A5CE4E669E306E3 /* Check Pods Manifest.lock */,
				2A74EBA61BCD50B7005F5E74 /* Sources */,
				2A74EBA71BCD50B7005F5E74 /* Frameworks */,
				2A74EBA81BCD50B7005F5E74 /* Resources */,
				D738BDF5C3DDD16BB5A016F3 /* Embed Pods Frameworks */,
				F13CC73411B17F87CC8ECD7A /* Copy Pods Resources */,
			);
			buildRules = (
			);
			dependencies = (
				2A74EBF11BCD571F005F5E74 /* PBXTargetDependency */,
				2A74EBEF1BCD571D005F5E74 /* PBXTargetDependency */,
			);
			name = ReadingList;
			productName = ReadingList;
			productReference = 2A74EBAA1BCD50B7005F5E74 /* ReadingList.app */;
			productType = "com.apple.product-type.application";
		};
		2A74EBC51BCD50B8005F5E74 /* ReadingListTests */ = {
			isa = PBXNativeTarget;
			buildConfigurationList = 2A74EBDD1BCD50B8005F5E74 /* Build configuration list for PBXNativeTarget "ReadingListTests" */;
			buildPhases = (
				2A74EBC21BCD50B8005F5E74 /* Sources */,
				2A74EBC31BCD50B8005F5E74 /* Frameworks */,
				2A74EBC41BCD50B8005F5E74 /* Resources */,
			);
			buildRules = (
			);
			dependencies = (
				2A74EBC81BCD50B8005F5E74 /* PBXTargetDependency */,
			);
			name = ReadingListTests;
			productName = ReadingListTests;
			productReference = 2A74EBC61BCD50B8005F5E74 /* ReadingListTests.xctest */;
			productType = "com.apple.product-type.bundle.unit-test";
		};
		2A74EBD01BCD50B8005F5E74 /* ReadingListUITests */ = {
			isa = PBXNativeTarget;
			buildConfigurationList = 2A74EBE01BCD50B8005F5E74 /* Build configuration list for PBXNativeTarget "ReadingListUITests" */;
			buildPhases = (
				2A74EBCD1BCD50B8005F5E74 /* Sources */,
				2A74EBCE1BCD50B8005F5E74 /* Frameworks */,
				2A74EBCF1BCD50B8005F5E74 /* Resources */,
			);
			buildRules = (
			);
			dependencies = (
				2A74EBD31BCD50B8005F5E74 /* PBXTargetDependency */,
			);
			name = ReadingListUITests;
			productName = ReadingListUITests;
			productReference = 2A74EBD11BCD50B8005F5E74 /* ReadingListUITests.xctest */;
			productType = "com.apple.product-type.bundle.ui-testing";
		};
/* End PBXNativeTarget section */

/* Begin PBXProject section */
		2A74EBA21BCD50B7005F5E74 /* Project object */ = {
			isa = PBXProject;
			attributes = {
				LastUpgradeCheck = 0700;
				ORGANIZATIONNAME = "Rafael Gonzalves";
				TargetAttributes = {
					2A74EBA91BCD50B7005F5E74 = {
						CreatedOnToolsVersion = 7.0;
					};
					2A74EBC51BCD50B8005F5E74 = {
						CreatedOnToolsVersion = 7.0;
						TestTargetID = 2A74EBA91BCD50B7005F5E74;
					};
					2A74EBD01BCD50B8005F5E74 = {
						CreatedOnToolsVersion = 7.0;
						TestTargetID = 2A74EBA91BCD50B7005F5E74;
					};
					2A74EBE41BCD567E005F5E74 = {
						CreatedOnToolsVersion = 7.0;
					};
					2A74EBE91BCD56F6005F5E74 = {
						CreatedOnToolsVersion = 7.0;
					};
				};
			};
			buildConfigurationList = 2A74EBA51BCD50B7005F5E74 /* Build configuration list for PBXProject "ReadingList" */;
			compatibilityVersion = "Xcode 3.2";
			developmentRegion = English;
			hasScannedForEncodings = 0;
			knownRegions = (
				en,
				Base,
			);
			mainGroup = 2A74EBA11BCD50B7005F5E74;
			productRefGroup = 2A74EBAB1BCD50B7005F5E74 /* Products */;
			projectDirPath = "";
			projectRoot = "";
			targets = (
				2A74EBA91BCD50B7005F5E74 /* ReadingList */,
				2A74EBC51BCD50B8005F5E74 /* ReadingListTests */,
				2A74EBD01BCD50B8005F5E74 /* ReadingListUITests */,
				2A74EBE41BCD567E005F5E74 /* mogenerator */,
				2A74EBE91BCD56F6005F5E74 /* versioner */,
			);
		};
/* End PBXProject section */

/* Begin PBXResourcesBuildPhase section */
		2A74EBA81BCD50B7005F5E74 /* Resources */ = {
			isa = PBXResourcesBuildPhase;
			buildActionMask = 2147483647;
			files = (
				2A74EC471BCE0037005F5E74 /* REDCategoryViewController.xib in Resources */,
				2A74EBC01BCD50B8005F5E74 /* LaunchScreen.storyboard in Resources */,
				2A19B8B31BCDBE94009C8F25 /* REDBookAddViewController.xib in Resources */,
				2A74EBBD1BCD50B8005F5E74 /* Assets.xcassets in Resources */,
				2A19B8AD1BCDBDE3009C8F25 /* REDBookDetailViewController.xib in Resources */,
				2A74EC3C1BCDF489005F5E74 /* REDBookPagesCell.xib in Resources */,
				2A19B89A1BCDB6EE009C8F25 /* REDBookCell.xib in Resources */,
				2A74EC2E1BCDE9A7005F5E74 /* REDBookCategoryCell.xib in Resources */,
				2A19B8871BCDB3C2009C8F25 /* REDBookListViewController.xib in Resources */,
				2A74EC201BCDE2E2005F5E74 /* REDBookHeaderCell.xib in Resources */,
				2A74EC411BCDF5D8005F5E74 /* REDPageProgressCell.xib in Resources */,
			);
			runOnlyForDeploymentPostprocessing = 0;
		};
		2A74EBC41BCD50B8005F5E74 /* Resources */ = {
			isa = PBXResourcesBuildPhase;
			buildActionMask = 2147483647;
			files = (
			);
			runOnlyForDeploymentPostprocessing = 0;
		};
		2A74EBCF1BCD50B8005F5E74 /* Resources */ = {
			isa = PBXResourcesBuildPhase;
			buildActionMask = 2147483647;
			files = (
			);
			runOnlyForDeploymentPostprocessing = 0;
		};
/* End PBXResourcesBuildPhase section */

/* Begin PBXShellScriptBuildPhase section */
		11320DDD6A5CE4E669E306E3 /* Check Pods Manifest.lock */ = {
			isa = PBXShellScriptBuildPhase;
			buildActionMask = 2147483647;
			files = (
			);
			inputPaths = (
			);
			name = "Check Pods Manifest.lock";
			outputPaths = (
			);
			runOnlyForDeploymentPostprocessing = 0;
			shellPath = /bin/sh;
			shellScript = "diff \"${PODS_ROOT}/../Podfile.lock\" \"${PODS_ROOT}/Manifest.lock\" > /dev/null\nif [[ $? != 0 ]] ; then\n    cat << EOM\nerror: The sandbox is not in sync with the Podfile.lock. Run 'pod install' or update your CocoaPods installation.\nEOM\n    exit 1\nfi\n";
			showEnvVarsInLog = 0;
		};
		2A74EBE81BCD5682005F5E74 /* Mogenerator */ = {
			isa = PBXShellScriptBuildPhase;
			buildActionMask = 2147483647;
			files = (
			);
			inputPaths = (
			);
			name = Mogenerator;
			outputPaths = (
			);
			runOnlyForDeploymentPostprocessing = 0;
			shellPath = /bin/sh;
			shellScript = "mogenerator -m ReadingList/ReadingList.xcdatamodeld -O ReadingList/PersistentEntities --template-var arc=true";
		};
		2A74EBED1BCD56F9005F5E74 /* ShellScript */ = {
			isa = PBXShellScriptBuildPhase;
			buildActionMask = 2147483647;
			files = (
			);
			inputPaths = (
			);
			outputPaths = (
			);
			runOnlyForDeploymentPostprocessing = 0;
			shellPath = /bin/sh;
			shellScript = "#enviroment variables\nPROJECTNAME='ReadingList' #spaces not allowed (otherwise escape chars)\nINFONAME='Info.plist'\nFIELD=\"CFBundleVersion\"\n\n#script\ncd \"$PROJECTNAME\"\nLINE=$(grep -n \"CFBundleVersion\" $INFONAME | cut -c 1,2)\nNUMBERLINE=$((LINE+1))\nVERSIONSTRING=$(sed -n \"$NUMBERLINE p\" $INFONAME | cut -d \">\" -f 2 | cut -d \"<\" -f 1)\nDATE=$(date +\"%s\")\nsed \"s/$VERSIONSTRING/$DATE/g\" $INFONAME > versioner.txt\nrm Info.plist\ncp versioner.txt Info.plist\nrm versioner.txt";
		};
		D738BDF5C3DDD16BB5A016F3 /* Embed Pods Frameworks */ = {
			isa = PBXShellScriptBuildPhase;
			buildActionMask = 2147483647;
			files = (
			);
			inputPaths = (
			);
			name = "Embed Pods Frameworks";
			outputPaths = (
			);
			runOnlyForDeploymentPostprocessing = 0;
			shellPath = /bin/sh;
			shellScript = "\"${SRCROOT}/Pods/Target Support Files/Pods-ReadingList/Pods-ReadingList-frameworks.sh\"\n";
			showEnvVarsInLog = 0;
		};
		F13CC73411B17F87CC8ECD7A /* Copy Pods Resources */ = {
			isa = PBXShellScriptBuildPhase;
			buildActionMask = 2147483647;
			files = (
			);
			inputPaths = (
			);
			name = "Copy Pods Resources";
			outputPaths = (
			);
			runOnlyForDeploymentPostprocessing = 0;
			shellPath = /bin/sh;
			shellScript = "\"${SRCROOT}/Pods/Target Support Files/Pods-ReadingList/Pods-ReadingList-resources.sh\"\n";
			showEnvVarsInLog = 0;
		};
/* End PBXShellScriptBuildPhase section */

/* Begin PBXSourcesBuildPhase section */
		2A74EBA61BCD50B7005F5E74 /* Sources */ = {
			isa = PBXSourcesBuildPhase;
			buildActionMask = 2147483647;
			files = (
				2A74EC071BCD59B8005F5E74 /* REDArtist.m in Sources */,
				2A74EC461BCE0037005F5E74 /* REDCategoryViewController.m in Sources */,
				2A19B8861BCDB3C2009C8F25 /* REDBookListViewController.m in Sources */,
				2A74EC281BCDE768005F5E74 /* UIColor+ReadingList.m in Sources */,
				2A74EBB21BCD50B7005F5E74 /* AppDelegate.m in Sources */,
				2A74EBBB1BCD50B8005F5E74 /* ReadingList.xcdatamodeld in Sources */,
				2A74EC4B1BCE3E9A005F5E74 /* REDCategoryDatasource.m in Sources */,
				2A74EBAF1BCD50B7005F5E74 /* main.m in Sources */,
				2A19B8A01BCDBBE7009C8F25 /* REDNavigationBarCustomizer.m in Sources */,
				2A74EBFE1BCD59B1005F5E74 /* _REDArtist.m in Sources */,
				2A19B8811BCDA1F1009C8F25 /* REDEntityClassFactory.m in Sources */,
				2A74EC401BCDF5D8005F5E74 /* REDPageProgressCell.m in Sources */,
				2A19B8B21BCDBE94009C8F25 /* REDBookAddViewController.m in Sources */,
				2A19B8AC1BCDBDE3009C8F25 /* REDBookDetailViewController.m in Sources */,
				2A74EC2B1BCDE8F3005F5E74 /* REDBookCategoryCell.m in Sources */,
				2A74EC181BCD5BA4005F5E74 /* REDEntityFetcher.m in Sources */,
				2A74EC191BCD5BA4005F5E74 /* REDEntityRemover.m in Sources */,
				2A74EBFF1BCD59B1005F5E74 /* _REDBook.m in Sources */,
				2A74EC081BCD59B8005F5E74 /* REDBook.m in Sources */,
				2A19B88F1BCDB45A009C8F25 /* REDBookDatasource.m in Sources */,
				2A74EC561BCE4014005F5E74 /* REDEntityCreator.m in Sources */,
				2A74EC231BCDE656005F5E74 /* UITextField+DoneButton.m in Sources */,
				2A74EC091BCD59B8005F5E74 /* REDCategory.m in Sources */,
				2A74EC001BCD59B1005F5E74 /* _REDCategory.m in Sources */,
				2A19B8971BCDB6DA009C8F25 /* REDBookCell.m in Sources */,
				2A19B8A61BCDBC2D009C8F25 /* UIFont+ReadingList.m in Sources */,
				2A74EC391BCDF477005F5E74 /* REDBookPagesCell.m in Sources */,
				2A74EBF41BCD57BD005F5E74 /* REDDataStack.m in Sources */,
				2A74EC4F1BCE3FAA005F5E74 /* REDStaticData.m in Sources */,
				2A74EC1D1BCDE2D0005F5E74 /* REDBookHeaderCell.m in Sources */,
				2A19B89D1BCDB707009C8F25 /* REDDepedencyInjection.m in Sources */,
				2A19B8B71BCDC0CA009C8F25 /* UIStaticTableView.m in Sources */,
			);
			runOnlyForDeploymentPostprocessing = 0;
		};
		2A74EBC21BCD50B8005F5E74 /* Sources */ = {
			isa = PBXSourcesBuildPhase;
			buildActionMask = 2147483647;
			files = (
				2A74EBCB1BCD50B8005F5E74 /* ReadingListTests.m in Sources */,
			);
			runOnlyForDeploymentPostprocessing = 0;
		};
		2A74EBCD1BCD50B8005F5E74 /* Sources */ = {
			isa = PBXSourcesBuildPhase;
			buildActionMask = 2147483647;
			files = (
				2A74EBD61BCD50B8005F5E74 /* ReadingListUITests.m in Sources */,
			);
			runOnlyForDeploymentPostprocessing = 0;
		};
/* End PBXSourcesBuildPhase section */

/* Begin PBXTargetDependency section */
		2A74EBC81BCD50B8005F5E74 /* PBXTargetDependency */ = {
			isa = PBXTargetDependency;
			target = 2A74EBA91BCD50B7005F5E74 /* ReadingList */;
			targetProxy = 2A74EBC71BCD50B8005F5E74 /* PBXContainerItemProxy */;
		};
		2A74EBD31BCD50B8005F5E74 /* PBXTargetDependency */ = {
			isa = PBXTargetDependency;
			target = 2A74EBA91BCD50B7005F5E74 /* ReadingList */;
			targetProxy = 2A74EBD21BCD50B8005F5E74 /* PBXContainerItemProxy */;
		};
		2A74EBEF1BCD571D005F5E74 /* PBXTargetDependency */ = {
			isa = PBXTargetDependency;
			target = 2A74EBE91BCD56F6005F5E74 /* versioner */;
			targetProxy = 2A74EBEE1BCD571D005F5E74 /* PBXContainerItemProxy */;
		};
		2A74EBF11BCD571F005F5E74 /* PBXTargetDependency */ = {
			isa = PBXTargetDependency;
			target = 2A74EBE41BCD567E005F5E74 /* mogenerator */;
			targetProxy = 2A74EBF01BCD571F005F5E74 /* PBXContainerItemProxy */;
		};
/* End PBXTargetDependency section */

/* Begin PBXVariantGroup section */
		2A74EBBE1BCD50B8005F5E74 /* LaunchScreen.storyboard */ = {
			isa = PBXVariantGroup;
			children = (
				2A74EBBF1BCD50B8005F5E74 /* Base */,
			);
			name = LaunchScreen.storyboard;
			sourceTree = "<group>";
		};
/* End PBXVariantGroup section */

/* Begin XCBuildConfiguration section */
		2A74EBD81BCD50B8005F5E74 /* Debug */ = {
			isa = XCBuildConfiguration;
			buildSettings = {
				ALWAYS_SEARCH_USER_PATHS = NO;
				CLANG_CXX_LANGUAGE_STANDARD = "gnu++0x";
				CLANG_CXX_LIBRARY = "libc++";
				CLANG_ENABLE_MODULES = YES;
				CLANG_ENABLE_OBJC_ARC = YES;
				CLANG_WARN_BOOL_CONVERSION = YES;
				CLANG_WARN_CONSTANT_CONVERSION = YES;
				CLANG_WARN_DIRECT_OBJC_ISA_USAGE = YES_ERROR;
				CLANG_WARN_EMPTY_BODY = YES;
				CLANG_WARN_ENUM_CONVERSION = YES;
				CLANG_WARN_INT_CONVERSION = YES;
				CLANG_WARN_OBJC_ROOT_CLASS = YES_ERROR;
				CLANG_WARN_UNREACHABLE_CODE = YES;
				CLANG_WARN__DUPLICATE_METHOD_MATCH = YES;
				"CODE_SIGN_IDENTITY[sdk=iphoneos*]" = "iPhone Developer";
				COPY_PHASE_STRIP = NO;
				DEBUG_INFORMATION_FORMAT = dwarf;
				ENABLE_STRICT_OBJC_MSGSEND = YES;
				ENABLE_TESTABILITY = YES;
				GCC_C_LANGUAGE_STANDARD = gnu99;
				GCC_DYNAMIC_NO_PIC = NO;
				GCC_NO_COMMON_BLOCKS = YES;
				GCC_OPTIMIZATION_LEVEL = 0;
				GCC_PREPROCESSOR_DEFINITIONS = (
					"DEBUG=1",
					"$(inherited)",
				);
				GCC_WARN_64_TO_32_BIT_CONVERSION = YES;
				GCC_WARN_ABOUT_RETURN_TYPE = YES_ERROR;
				GCC_WARN_UNDECLARED_SELECTOR = YES;
				GCC_WARN_UNINITIALIZED_AUTOS = YES_AGGRESSIVE;
				GCC_WARN_UNUSED_FUNCTION = YES;
				GCC_WARN_UNUSED_VARIABLE = YES;
				IPHONEOS_DEPLOYMENT_TARGET = 9.0;
				MTL_ENABLE_DEBUG_INFO = YES;
				ONLY_ACTIVE_ARCH = YES;
				SDKROOT = iphoneos;
				TARGETED_DEVICE_FAMILY = "1,2";
			};
			name = Debug;
		};
		2A74EBD91BCD50B8005F5E74 /* Release */ = {
			isa = XCBuildConfiguration;
			buildSettings = {
				ALWAYS_SEARCH_USER_PATHS = NO;
				CLANG_CXX_LANGUAGE_STANDARD = "gnu++0x";
				CLANG_CXX_LIBRARY = "libc++";
				CLANG_ENABLE_MODULES = YES;
				CLANG_ENABLE_OBJC_ARC = YES;
				CLANG_WARN_BOOL_CONVERSION = YES;
				CLANG_WARN_CONSTANT_CONVERSION = YES;
				CLANG_WARN_DIRECT_OBJC_ISA_USAGE = YES_ERROR;
				CLANG_WARN_EMPTY_BODY = YES;
				CLANG_WARN_ENUM_CONVERSION = YES;
				CLANG_WARN_INT_CONVERSION = YES;
				CLANG_WARN_OBJC_ROOT_CLASS = YES_ERROR;
				CLANG_WARN_UNREACHABLE_CODE = YES;
				CLANG_WARN__DUPLICATE_METHOD_MATCH = YES;
				"CODE_SIGN_IDENTITY[sdk=iphoneos*]" = "iPhone Developer";
				COPY_PHASE_STRIP = NO;
				DEBUG_INFORMATION_FORMAT = "dwarf-with-dsym";
				ENABLE_NS_ASSERTIONS = NO;
				ENABLE_STRICT_OBJC_MSGSEND = YES;
				GCC_C_LANGUAGE_STANDARD = gnu99;
				GCC_NO_COMMON_BLOCKS = YES;
				GCC_WARN_64_TO_32_BIT_CONVERSION = YES;
				GCC_WARN_ABOUT_RETURN_TYPE = YES_ERROR;
				GCC_WARN_UNDECLARED_SELECTOR = YES;
				GCC_WARN_UNINITIALIZED_AUTOS = YES_AGGRESSIVE;
				GCC_WARN_UNUSED_FUNCTION = YES;
				GCC_WARN_UNUSED_VARIABLE = YES;
				IPHONEOS_DEPLOYMENT_TARGET = 9.0;
				MTL_ENABLE_DEBUG_INFO = NO;
				SDKROOT = iphoneos;
				TARGETED_DEVICE_FAMILY = "1,2";
				VALIDATE_PRODUCT = YES;
			};
			name = Release;
		};
		2A74EBDB1BCD50B8005F5E74 /* Debug */ = {
			isa = XCBuildConfiguration;
			baseConfigurationReference = 3E45B861C0B764E9EA275FCE /* Pods-ReadingList.debug.xcconfig */;
			buildSettings = {
				ASSETCATALOG_COMPILER_APPICON_NAME = AppIcon;
				INFOPLIST_FILE = ReadingList/Info.plist;
				IPHONEOS_DEPLOYMENT_TARGET = 8.0;
				LD_RUNPATH_SEARCH_PATHS = "$(inherited) @executable_path/Frameworks";
				PRODUCT_BUNDLE_IDENTIFIER = com.rafa.gonc.ReadingList;
				PRODUCT_NAME = "$(TARGET_NAME)";
			};
			name = Debug;
		};
		2A74EBDC1BCD50B8005F5E74 /* Release */ = {
			isa = XCBuildConfiguration;
			baseConfigurationReference = A0A9D83157DE316499E521BB /* Pods-ReadingList.release.xcconfig */;
			buildSettings = {
				ASSETCATALOG_COMPILER_APPICON_NAME = AppIcon;
				INFOPLIST_FILE = ReadingList/Info.plist;
				IPHONEOS_DEPLOYMENT_TARGET = 8.0;
				LD_RUNPATH_SEARCH_PATHS = "$(inherited) @executable_path/Frameworks";
				PRODUCT_BUNDLE_IDENTIFIER = com.rafa.gonc.ReadingList;
				PRODUCT_NAME = "$(TARGET_NAME)";
			};
			name = Release;
		};
		2A74EBDE1BCD50B8005F5E74 /* Debug */ = {
			isa = XCBuildConfiguration;
			buildSettings = {
				BUNDLE_LOADER = "$(TEST_HOST)";
				INFOPLIST_FILE = ReadingListTests/Info.plist;
				LD_RUNPATH_SEARCH_PATHS = "$(inherited) @executable_path/Frameworks @loader_path/Frameworks";
				PRODUCT_BUNDLE_IDENTIFIER = com.rafa.gonc.ReadingListTests;
				PRODUCT_NAME = "$(TARGET_NAME)";
				TEST_HOST = "$(BUILT_PRODUCTS_DIR)/ReadingList.app/ReadingList";
			};
			name = Debug;
		};
		2A74EBDF1BCD50B8005F5E74 /* Release */ = {
			isa = XCBuildConfiguration;
			buildSettings = {
				BUNDLE_LOADER = "$(TEST_HOST)";
				INFOPLIST_FILE = ReadingListTests/Info.plist;
				LD_RUNPATH_SEARCH_PATHS = "$(inherited) @executable_path/Frameworks @loader_path/Frameworks";
				PRODUCT_BUNDLE_IDENTIFIER = com.rafa.gonc.ReadingListTests;
				PRODUCT_NAME = "$(TARGET_NAME)";
				TEST_HOST = "$(BUILT_PRODUCTS_DIR)/ReadingList.app/ReadingList";
			};
			name = Release;
		};
		2A74EBE11BCD50B8005F5E74 /* Debug */ = {
			isa = XCBuildConfiguration;
			buildSettings = {
				INFOPLIST_FILE = ReadingListUITests/Info.plist;
				LD_RUNPATH_SEARCH_PATHS = "$(inherited) @executable_path/Frameworks @loader_path/Frameworks";
				PRODUCT_BUNDLE_IDENTIFIER = com.rafa.gonc.ReadingListUITests;
				PRODUCT_NAME = "$(TARGET_NAME)";
				TEST_TARGET_NAME = ReadingList;
				USES_XCTRUNNER = YES;
			};
			name = Debug;
		};
		2A74EBE21BCD50B8005F5E74 /* Release */ = {
			isa = XCBuildConfiguration;
			buildSettings = {
				INFOPLIST_FILE = ReadingListUITests/Info.plist;
				LD_RUNPATH_SEARCH_PATHS = "$(inherited) @executable_path/Frameworks @loader_path/Frameworks";
				PRODUCT_BUNDLE_IDENTIFIER = com.rafa.gonc.ReadingListUITests;
				PRODUCT_NAME = "$(TARGET_NAME)";
				TEST_TARGET_NAME = ReadingList;
				USES_XCTRUNNER = YES;
			};
			name = Release;
		};
		2A74EBE51BCD567E005F5E74 /* Debug */ = {
			isa = XCBuildConfiguration;
			buildSettings = {
				PRODUCT_NAME = "$(TARGET_NAME)";
			};
			name = Debug;
		};
		2A74EBE61BCD567E005F5E74 /* Release */ = {
			isa = XCBuildConfiguration;
			buildSettings = {
				PRODUCT_NAME = "$(TARGET_NAME)";
			};
			name = Release;
		};
		2A74EBEB1BCD56F6005F5E74 /* Debug */ = {
			isa = XCBuildConfiguration;
			buildSettings = {
				PRODUCT_NAME = "$(TARGET_NAME)";
			};
			name = Debug;
		};
		2A74EBEC1BCD56F6005F5E74 /* Release */ = {
			isa = XCBuildConfiguration;
			buildSettings = {
				PRODUCT_NAME = "$(TARGET_NAME)";
			};
			name = Release;
		};
/* End XCBuildConfiguration section */

/* Begin XCConfigurationList section */
		2A74EBA51BCD50B7005F5E74 /* Build configuration list for PBXProject "ReadingList" */ = {
			isa = XCConfigurationList;
			buildConfigurations = (
				2A74EBD81BCD50B8005F5E74 /* Debug */,
				2A74EBD91BCD50B8005F5E74 /* Release */,
			);
			defaultConfigurationIsVisible = 0;
			defaultConfigurationName = Release;
		};
		2A74EBDA1BCD50B8005F5E74 /* Build configuration list for PBXNativeTarget "ReadingList" */ = {
			isa = XCConfigurationList;
			buildConfigurations = (
				2A74EBDB1BCD50B8005F5E74 /* Debug */,
				2A74EBDC1BCD50B8005F5E74 /* Release */,
			);
			defaultConfigurationIsVisible = 0;
			defaultConfigurationName = Release;
		};
		2A74EBDD1BCD50B8005F5E74 /* Build configuration list for PBXNativeTarget "ReadingListTests" */ = {
			isa = XCConfigurationList;
			buildConfigurations = (
				2A74EBDE1BCD50B8005F5E74 /* Debug */,
				2A74EBDF1BCD50B8005F5E74 /* Release */,
			);
			defaultConfigurationIsVisible = 0;
			defaultConfigurationName = Release;
		};
		2A74EBE01BCD50B8005F5E74 /* Build configuration list for PBXNativeTarget "ReadingListUITests" */ = {
			isa = XCConfigurationList;
			buildConfigurations = (
				2A74EBE11BCD50B8005F5E74 /* Debug */,
				2A74EBE21BCD50B8005F5E74 /* Release */,
			);
			defaultConfigurationIsVisible = 0;
			defaultConfigurationName = Release;
		};
		2A74EBE71BCD567E005F5E74 /* Build configuration list for PBXAggregateTarget "mogenerator" */ = {
			isa = XCConfigurationList;
			buildConfigurations = (
				2A74EBE51BCD567E005F5E74 /* Debug */,
				2A74EBE61BCD567E005F5E74 /* Release */,
			);
			defaultConfigurationIsVisible = 0;
			defaultConfigurationName = Release;
		};
		2A74EBEA1BCD56F6005F5E74 /* Build configuration list for PBXAggregateTarget "versioner" */ = {
			isa = XCConfigurationList;
			buildConfigurations = (
				2A74EBEB1BCD56F6005F5E74 /* Debug */,
				2A74EBEC1BCD56F6005F5E74 /* Release */,
			);
			defaultConfigurationIsVisible = 0;
			defaultConfigurationName = Release;
		};
/* End XCConfigurationList section */

/* Begin XCVersionGroup section */
		2A74EBB91BCD50B8005F5E74 /* ReadingList.xcdatamodeld */ = {
			isa = XCVersionGroup;
			children = (
				2A74EBBA1BCD50B8005F5E74 /* ReadingList.xcdatamodel */,
			);
			currentVersion = 2A74EBBA1BCD50B8005F5E74 /* ReadingList.xcdatamodel */;
			path = ReadingList.xcdatamodeld;
			sourceTree = "<group>";
			versionGroupType = wrapper.xcdatamodel;
		};
/* End XCVersionGroup section */
	};
	rootObject = 2A74EBA21BCD50B7005F5E74 /* Project object */;
}
